// !$*UTF8*$!
{
	archiveVersion = 1;
	classes = {
	};
	objectVersion = 46;
	objects = {

/* Begin PBXBuildFile section */
		65C5F8371DCCF0330050C8CC /* main.swift in Sources */ = {isa = PBXBuildFile; fileRef = 65C5F8361DCCF0330050C8CC /* main.swift */; };
		65C5F83E1DCCF0630050C8CC /* Observer.swift in Sources */ = {isa = PBXBuildFile; fileRef = 65C5F83D1DCCF0630050C8CC /* Observer.swift */; };
		65C5F8401DCCF0FC0050C8CC /* BinaryObserver.swift in Sources */ = {isa = PBXBuildFile; fileRef = 65C5F83F1DCCF0FC0050C8CC /* BinaryObserver.swift */; };
		65C5F8421DCCF1070050C8CC /* OctalObserver.swift in Sources */ = {isa = PBXBuildFile; fileRef = 65C5F8411DCCF1070050C8CC /* OctalObserver.swift */; };
		65C5F8441DCCF1170050C8CC /* HexaObserver.swift in Sources */ = {isa = PBXBuildFile; fileRef = 65C5F8431DCCF1170050C8CC /* HexaObserver.swift */; };
		65C5F8461DCCF1220050C8CC /* Subject.swift in Sources */ = {isa = PBXBuildFile; fileRef = 65C5F8451DCCF1220050C8CC /* Subject.swift */; };
/* End PBXBuildFile section */

/* Begin PBXCopyFilesBuildPhase section */
		65C5F8311DCCF0320050C8CC /* CopyFiles */ = {
			isa = PBXCopyFilesBuildPhase;
			buildActionMask = 2147483647;
			dstPath = /usr/share/man/man1/;
			dstSubfolderSpec = 0;
			files = (
			);
			runOnlyForDeploymentPostprocessing = 1;
		};
/* End PBXCopyFilesBuildPhase section */

/* Begin PBXFileReference section */
		65C5F8331DCCF0320050C8CC /* ObserverPatternDemo */ = {isa = PBXFileReference; explicitFileType = "compiled.mach-o.executable"; includeInIndex = 0; path = ObserverPatternDemo; sourceTree = BUILT_PRODUCTS_DIR; };
		65C5F8361DCCF0330050C8CC /* main.swift */ = {isa = PBXFileReference; lastKnownFileType = sourcecode.swift; path = main.swift; sourceTree = "<group>"; };
		65C5F83D1DCCF0630050C8CC /* Observer.swift */ = {isa = PBXFileReference; fileEncoding = 4; lastKnownFileType = sourcecode.swift; path = Observer.swift; sourceTree = "<group>"; };
		65C5F83F1DCCF0FC0050C8CC /* BinaryObserver.swift */ = {isa = PBXFileReference; fileEncoding = 4; lastKnownFileType = sourcecode.swift; path = BinaryObserver.swift; sourceTree = "<group>"; };
		65C5F8411DCCF1070050C8CC /* OctalObserver.swift */ = {isa = PBXFileReference; fileEncoding = 4; lastKnownFileType = sourcecode.swift; path = OctalObserver.swift; sourceTree = "<group>"; };
		65C5F8431DCCF1170050C8CC /* HexaObserver.swift */ = {isa = PBXFileReference; fileEncoding = 4; lastKnownFileType = sourcecode.swift; path = HexaObserver.swift; sourceTree = "<group>"; };
		65C5F8451DCCF1220050C8CC /* Subject.swift */ = {isa = PBXFileReference; fileEncoding = 4; lastKnownFileType = sourcecode.swift; path = Subject.swift; sourceTree = "<group>"; };
/* End PBXFileReference section */

/* Begin PBXFrameworksBuildPhase section */
		65C5F8301DCCF0320050C8CC /* Frameworks */ = {
			isa = PBXFrameworksBuildPhase;
			buildActionMask = 2147483647;
			files = (
			);
			runOnlyForDeploymentPostprocessing = 0;
		};
/* End PBXFrameworksBuildPhase section */

/* Begin PBXGroup section */
		65C5F82A1DCCF0320050C8CC = {
			isa = PBXGroup;
			children = (
				65C5F8351DCCF0320050C8CC /* ObserverPatternDemo */,
				65C5F8341DCCF0320050C8CC /* Products */,
			);
			sourceTree = "<group>";
		};
		65C5F8341DCCF0320050C8CC /* Products */ = {
			isa = PBXGroup;
			children = (
				65C5F8331DCCF0320050C8CC /* ObserverPatternDemo */,
			);
			name = Products;
			sourceTree = "<group>";
		};
		65C5F8351DCCF0320050C8CC /* ObserverPatternDemo */ = {
			isa = PBXGroup;
			children = (
				65C5F8361DCCF0330050C8CC /* main.swift */,
				65C5F83D1DCCF0630050C8CC /* Observer.swift */,
				65C5F83F1DCCF0FC0050C8CC /* BinaryObserver.swift */,
				65C5F8411DCCF1070050C8CC /* OctalObserver.swift */,
				65C5F8431DCCF1170050C8CC /* HexaObserver.swift */,
				65C5F8451DCCF1220050C8CC /* Subject.swift */,
			);
			path = ObserverPatternDemo;
			sourceTree = "<group>";
		};
/* End PBXGroup section */

/* Begin PBXNativeTarget section */
		65C5F8321DCCF0320050C8CC /* ObserverPatternDemo */ = {
			isa = PBXNativeTarget;
			buildConfigurationList = 65C5F83A1DCCF0330050C8CC /* Build configuration list for PBXNativeTarget "ObserverPatternDemo" */;
			buildPhases = (
				65C5F82F1DCCF0320050C8CC /* Sources */,
				65C5F8301DCCF0320050C8CC /* Frameworks */,
				65C5F8311DCCF0320050C8CC /* CopyFiles */,
			);
			buildRules = (
			);
			dependencies = (
			);
			name = ObserverPatternDemo;
			productName = ObserverPatternDemo;
			productReference = 65C5F8331DCCF0320050C8CC /* ObserverPatternDemo */;
			productType = "com.apple.product-type.tool";
		};
/* End PBXNativeTarget section */

/* Begin PBXProject section */
		65C5F82B1DCCF0320050C8CC /* Project object */ = {
			isa = PBXProject;
			attributes = {
				LastSwiftUpdateCheck = 0800;
				LastUpgradeCheck = 0800;
				ORGANIZATIONNAME = "Sam Stone";
				TargetAttributes = {
					65C5F8321DCCF0320050C8CC = {
						CreatedOnToolsVersion = 8.0;
						ProvisioningStyle = Automatic;
					};
				};
			};
			buildConfigurationList = 65C5F82E1DCCF0320050C8CC /* Build configuration list for PBXProject "ObserverPatternDemo" */;
			compatibilityVersion = "Xcode 3.2";
			developmentRegion = English;
			hasScannedForEncodings = 0;
			knownRegions = (
				en,
			);
			mainGroup = 65C5F82A1DCCF0320050C8CC;
			productRefGroup = 65C5F8341DCCF0320050C8CC /* Products */;
			projectDirPath = "";
			projectRoot = "";
			targets = (
				65C5F8321DCCF0320050C8CC /* ObserverPatternDemo */,
			);
		};
/* End PBXProject section */

/* Begin PBXSourcesBuildPhase section */
		65C5F82F1DCCF0320050C8CC /* Sources */ = {
			isa = PBXSourcesBuildPhase;
			buildActionMask = 2147483647;
			files = (
				65C5F8371DCCF0330050C8CC /* main.swift in Sources */,
				65C5F8401DCCF0FC0050C8CC /* BinaryObserver.swift in Sources */,
				65C5F8441DCCF1170050C8CC /* HexaObserver.swift in Sources */,
				65C5F83E1DCCF0630050C8CC /* Observer.swift in Sources */,
				65C5F8461DCCF1220050C8CC /* Subject.swift in Sources */,
				65C5F8421DCCF1070050C8CC /* OctalObserver.swift in Sources */,
			);
			runOnlyForDeploymentPostprocessing = 0;
		};
/* End PBXSourcesBuildPhase section */

/* Begin XCBuildConfiguration section */
		65C5F8381DCCF0330050C8CC /* Debug */ = {
			isa = XCBuildConfiguration;
			buildSettings = {
				ALWAYS_SEARCH_USER_PATHS = NO;
				CLANG_ANALYZER_NONNULL = YES;
				CLANG_CXX_LANGUAGE_STANDARD = "gnu++0x";
				CLANG_CXX_LIBRARY = "libc++";
				CLANG_ENABLE_MODULES = YES;
				CLANG_ENABLE_OBJC_ARC = YES;
				CLANG_WARN_BOOL_CONVERSION = YES;
				CLANG_WARN_CONSTANT_CONVERSION = YES;
				CLANG_WARN_DIRECT_OBJC_ISA_USAGE = YES_ERROR;
				CLANG_WARN_DOCUMENTATION_COMMENTS = YES;
				CLANG_WARN_EMPTY_BODY = YES;
				CLANG_WARN_ENUM_CONVERSION = YES;
				CLANG_WARN_INFINITE_RECURSION = YES;
				CLANG_WARN_INT_CONVERSION = YES;
				CLANG_WARN_OBJC_ROOT_CLASS = YES_ERROR;
				CLANG_WARN_SUSPICIOUS_MOVES = YES;
				CLANG_WARN_UNREACHABLE_CODE = YES;
				CLANG_WARN__DUPLICATE_METHOD_MATCH = YES;
				CODE_SIGN_IDENTITY = "-";
				COPY_PHASE_STRIP = NO;
				DEBUG_INFORMATION_FORMAT = dwarf;
				ENABLE_STRICT_OBJC_MSGSEND = YES;
				ENABLE_TESTABILITY = YES;
				GCC_C_LANGUAGE_STANDARD = gnu99;
				GCC_DYNAMIC_NO_PIC = NO;
				GCC_NO_COMMON_BLOCKS = YES;
				GCC_OPTIMIZATION_LEVEL = 0;
				GCC_PREPROCESSOR_DEFINITIONS = (
					"DEBUG=1",
					"$(inherited)",
				);
				GCC_WARN_64_TO_32_BIT_CONVERSION = YES;
				GCC_WARN_ABOUT_RETURN_TYPE = YES_ERROR;
				GCC_WARN_UNDECLARED_SELECTOR = YES;
				GCC_WARN_UNINITIALIZED_AUTOS = YES_AGGRESSIVE;
				GCC_WARN_UNUSED_FUNCTION = YES;
				GCC_WARN_UNUSED_VARIABLE = YES;
				MACOSX_DEPLOYMENT_TARGET = 10.12;
				MTL_ENABLE_DEBUG_INFO = YES;
				ONLY_ACTIVE_ARCH = YES;
				SDKROOT = macosx;
				SWIFT_OPTIMIZATION_LEVEL = "-Onone";
			};
			name = Debug;
		};
		65C5F8391DCCF0330050C8CC /* Release */ = {
			isa = XCBuildConfiguration;
			buildSettings = {
				ALWAYS_SEARCH_USER_PATHS = NO;
				CLANG_ANALYZER_NONNULL = YES;
				CLANG_CXX_LANGUAGE_STANDARD = "gnu++0x";
				CLANG_CXX_LIBRARY = "libc++";
				CLANG_ENABLE_MODULES = YES;
				CLANG_ENABLE_OBJC_ARC = YES;
				CLANG_WARN_BOOL_CONVERSION = YES;
				CLANG_WARN_CONSTANT_CONVERSION = YES;
				CLANG_WARN_DIRECT_OBJC_ISA_USAGE = YES_ERROR;
				CLANG_WARN_DOCUMENTATION_COMMENTS = YES;
				CLANG_WARN_EMPTY_BODY = YES;
				CLANG_WARN_ENUM_CONVERSION = YES;
				CLANG_WARN_INFINITE_RECURSION = YES;
				CLANG_WARN_INT_CONVERSION = YES;
				CLANG_WARN_OBJC_ROOT_CLASS = YES_ERROR;
				CLANG_WARN_SUSPICIOUS_MOVES = YES;
				CLANG_WARN_UNREACHABLE_CODE = YES;
				CLANG_WARN__DUPLICATE_METHOD_MATCH = YES;
				CODE_SIGN_IDENTITY = "-";
				COPY_PHASE_STRIP = NO;
				DEBUG_INFORMATION_FORMAT = "dwarf-with-dsym";
				ENABLE_NS_ASSERTIONS = NO;
				ENABLE_STRICT_OBJC_MSGSEND = YES;
				GCC_C_LANGUAGE_STANDARD = gnu99;
				GCC_NO_COMMON_BLOCKS = YES;
				GCC_WARN_64_TO_32_BIT_CONVERSION = YES;
				GCC_WARN_ABOUT_RETURN_TYPE = YES_ERROR;
				GCC_WARN_UNDECLARED_SELECTOR = YES;
				GCC_WARN_UNINITIALIZED_AUTOS = YES_AGGRESSIVE;
				GCC_WARN_UNUSED_FUNCTION = YES;
				GCC_WARN_UNUSED_VARIABLE = YES;
				MACOSX_DEPLOYMENT_TARGET = 10.12;
				MTL_ENABLE_DEBUG_INFO = NO;
				SDKROOT = macosx;
			};
			name = Release;
		};
		65C5F83B1DCCF0330050C8CC /* Debug */ = {
			isa = XCBuildConfiguration;
			buildSettings = {
				PRODUCT_NAME = "$(TARGET_NAME)";
				SWIFT_VERSION = 3.0;
			};
			name = Debug;
		};
		65C5F83C1DCCF0330050C8CC /* Release */ = {
			isa = XCBuildConfiguration;
			buildSettings = {
				PRODUCT_NAME = "$(TARGET_NAME)";
				SWIFT_VERSION = 3.0;
			};
			name = Release;
		};
/* End XCBuildConfiguration section */

/* Begin XCConfigurationList section */
		65C5F82E1DCCF0320050C8CC /* Build configuration list for PBXProject "ObserverPatternDemo" */ = {
			isa = XCConfigurationList;
			buildConfigurations = (
				65C5F8381DCCF0330050C8CC /* Debug */,
				65C5F8391DCCF0330050C8CC /* Release */,
			);
			defaultConfigurationIsVisible = 0;
			defaultConfigurationName = Release;
		};
		65C5F83A1DCCF0330050C8CC /* Build configuration list for PBXNativeTarget "ObserverPatternDemo" */ = {
			isa = XCConfigurationList;
			buildConfigurations = (
				65C5F83B1DCCF0330050C8CC /* Debug */,
				65C5F83C1DCCF0330050C8CC /* Release */,
			);
			defaultConfigurationIsVisible = 0;
		};
/* End XCConfigurationList section */
	};
	rootObject = 65C5F82B1DCCF0320050C8CC /* Project object */;
}
