// !$*UTF8*$!
{
	archiveVersion = 1;
	classes = {
	};
	objectVersion = 46;
	objects = {

/* Begin PBXBuildFile section */
		903E625B1E5364AC00250F3E /* main.swift in Sources */ = {isa = PBXBuildFile; fileRef = 903E625A1E5364AC00250F3E /* main.swift */; };
		903E62621E5364CB00250F3E /* MacBook.swift in Sources */ = {isa = PBXBuildFile; fileRef = 903E62611E5364CB00250F3E /* MacBook.swift */; };
		903E62641E5364D600250F3E /* MacBookRegular.swift in Sources */ = {isa = PBXBuildFile; fileRef = 903E62631E5364D600250F3E /* MacBookRegular.swift */; };
		903E62661E5364E000250F3E /* MacBookAir.swift in Sources */ = {isa = PBXBuildFile; fileRef = 903E62651E5364E000250F3E /* MacBookAir.swift */; };
		903E62681E5364E900250F3E /* MacBookPro.swift in Sources */ = {isa = PBXBuildFile; fileRef = 903E62671E5364E900250F3E /* MacBookPro.swift */; };
		903E626A1E5364F500250F3E /* MacBookDecorator.swift in Sources */ = {isa = PBXBuildFile; fileRef = 903E62691E5364F500250F3E /* MacBookDecorator.swift */; };
		903E626C1E53650100250F3E /* ProcessorUpgrade.swift in Sources */ = {isa = PBXBuildFile; fileRef = 903E626B1E53650100250F3E /* ProcessorUpgrade.swift */; };
		903E626E1E53652200250F3E /* SSDUpgrade.swift in Sources */ = {isa = PBXBuildFile; fileRef = 903E626D1E53652200250F3E /* SSDUpgrade.swift */; };
		903E62701E53652E00250F3E /* TouchBarUpgrade.swift in Sources */ = {isa = PBXBuildFile; fileRef = 903E626F1E53652E00250F3E /* TouchBarUpgrade.swift */; };
/* End PBXBuildFile section */

/* Begin PBXCopyFilesBuildPhase section */
		903E62551E5364AC00250F3E /* CopyFiles */ = {
			isa = PBXCopyFilesBuildPhase;
			buildActionMask = 2147483647;
			dstPath = /usr/share/man/man1/;
			dstSubfolderSpec = 0;
			files = (
			);
			runOnlyForDeploymentPostprocessing = 1;
		};
/* End PBXCopyFilesBuildPhase section */

/* Begin PBXFileReference section */
		903E62571E5364AC00250F3E /* DecoratorPatternDemo */ = {isa = PBXFileReference; explicitFileType = "compiled.mach-o.executable"; includeInIndex = 0; path = DecoratorPatternDemo; sourceTree = BUILT_PRODUCTS_DIR; };
		903E625A1E5364AC00250F3E /* main.swift */ = {isa = PBXFileReference; lastKnownFileType = sourcecode.swift; path = main.swift; sourceTree = "<group>"; };
		903E62611E5364CB00250F3E /* MacBook.swift */ = {isa = PBXFileReference; fileEncoding = 4; lastKnownFileType = sourcecode.swift; path = MacBook.swift; sourceTree = "<group>"; };
		903E62631E5364D600250F3E /* MacBookRegular.swift */ = {isa = PBXFileReference; fileEncoding = 4; lastKnownFileType = sourcecode.swift; path = MacBookRegular.swift; sourceTree = "<group>"; };
		903E62651E5364E000250F3E /* MacBookAir.swift */ = {isa = PBXFileReference; fileEncoding = 4; lastKnownFileType = sourcecode.swift; path = MacBookAir.swift; sourceTree = "<group>"; };
		903E62671E5364E900250F3E /* MacBookPro.swift */ = {isa = PBXFileReference; fileEncoding = 4; lastKnownFileType = sourcecode.swift; path = MacBookPro.swift; sourceTree = "<group>"; };
		903E62691E5364F500250F3E /* MacBookDecorator.swift */ = {isa = PBXFileReference; fileEncoding = 4; lastKnownFileType = sourcecode.swift; path = MacBookDecorator.swift; sourceTree = "<group>"; };
		903E626B1E53650100250F3E /* ProcessorUpgrade.swift */ = {isa = PBXFileReference; fileEncoding = 4; lastKnownFileType = sourcecode.swift; path = ProcessorUpgrade.swift; sourceTree = "<group>"; };
		903E626D1E53652200250F3E /* SSDUpgrade.swift */ = {isa = PBXFileReference; fileEncoding = 4; lastKnownFileType = sourcecode.swift; path = SSDUpgrade.swift; sourceTree = "<group>"; };
		903E626F1E53652E00250F3E /* TouchBarUpgrade.swift */ = {isa = PBXFileReference; fileEncoding = 4; lastKnownFileType = sourcecode.swift; path = TouchBarUpgrade.swift; sourceTree = "<group>"; };
/* End PBXFileReference section */

/* Begin PBXFrameworksBuildPhase section */
		903E62541E5364AC00250F3E /* Frameworks */ = {
			isa = PBXFrameworksBuildPhase;
			buildActionMask = 2147483647;
			files = (
			);
			runOnlyForDeploymentPostprocessing = 0;
		};
/* End PBXFrameworksBuildPhase section */

/* Begin PBXGroup section */
		903E624E1E5364AC00250F3E = {
			isa = PBXGroup;
			children = (
				903E62591E5364AC00250F3E /* DecoratorPatternDemo */,
				903E62581E5364AC00250F3E /* Products */,
			);
			sourceTree = "<group>";
		};
		903E62581E5364AC00250F3E /* Products */ = {
			isa = PBXGroup;
			children = (
				903E62571E5364AC00250F3E /* DecoratorPatternDemo */,
			);
			name = Products;
			sourceTree = "<group>";
		};
		903E62591E5364AC00250F3E /* DecoratorPatternDemo */ = {
			isa = PBXGroup;
			children = (
				903E625A1E5364AC00250F3E /* main.swift */,
				903E62611E5364CB00250F3E /* MacBook.swift */,
				903E62631E5364D600250F3E /* MacBookRegular.swift */,
				903E62651E5364E000250F3E /* MacBookAir.swift */,
				903E62671E5364E900250F3E /* MacBookPro.swift */,
				903E62691E5364F500250F3E /* MacBookDecorator.swift */,
				903E626B1E53650100250F3E /* ProcessorUpgrade.swift */,
				903E626D1E53652200250F3E /* SSDUpgrade.swift */,
				903E626F1E53652E00250F3E /* TouchBarUpgrade.swift */,
			);
			path = DecoratorPatternDemo;
			sourceTree = "<group>";
		};
/* End PBXGroup section */

/* Begin PBXNativeTarget section */
		903E62561E5364AC00250F3E /* DecoratorPatternDemo */ = {
			isa = PBXNativeTarget;
			buildConfigurationList = 903E625E1E5364AC00250F3E /* Build configuration list for PBXNativeTarget "DecoratorPatternDemo" */;
			buildPhases = (
				903E62531E5364AC00250F3E /* Sources */,
				903E62541E5364AC00250F3E /* Frameworks */,
				903E62551E5364AC00250F3E /* CopyFiles */,
			);
			buildRules = (
			);
			dependencies = (
			);
			name = DecoratorPatternDemo;
			productName = DecoratorPatternDemo;
			productReference = 903E62571E5364AC00250F3E /* DecoratorPatternDemo */;
			productType = "com.apple.product-type.tool";
		};
/* End PBXNativeTarget section */

/* Begin PBXProject section */
		903E624F1E5364AC00250F3E /* Project object */ = {
			isa = PBXProject;
			attributes = {
				LastSwiftUpdateCheck = 0820;
				LastUpgradeCheck = 0820;
				ORGANIZATIONNAME = "Sam Stone";
				TargetAttributes = {
					903E62561E5364AC00250F3E = {
						CreatedOnToolsVersion = 8.2.1;
						DevelopmentTeam = CAJ5Q4AE6G;
						ProvisioningStyle = Automatic;
					};
				};
			};
			buildConfigurationList = 903E62521E5364AC00250F3E /* Build configuration list for PBXProject "DecoratorPatternDemo" */;
			compatibilityVersion = "Xcode 3.2";
			developmentRegion = English;
			hasScannedForEncodings = 0;
			knownRegions = (
				en,
			);
			mainGroup = 903E624E1E5364AC00250F3E;
			productRefGroup = 903E62581E5364AC00250F3E /* Products */;
			projectDirPath = "";
			projectRoot = "";
			targets = (
				903E62561E5364AC00250F3E /* DecoratorPatternDemo */,
			);
		};
/* End PBXProject section */

/* Begin PBXSourcesBuildPhase section */
		903E62531E5364AC00250F3E /* Sources */ = {
			isa = PBXSourcesBuildPhase;
			buildActionMask = 2147483647;
			files = (
				903E62641E5364D600250F3E /* MacBookRegular.swift in Sources */,
				903E62621E5364CB00250F3E /* MacBook.swift in Sources */,
				903E625B1E5364AC00250F3E /* main.swift in Sources */,
				903E62681E5364E900250F3E /* MacBookPro.swift in Sources */,
				903E626A1E5364F500250F3E /* MacBookDecorator.swift in Sources */,
				903E626E1E53652200250F3E /* SSDUpgrade.swift in Sources */,
				903E62661E5364E000250F3E /* MacBookAir.swift in Sources */,
				903E626C1E53650100250F3E /* ProcessorUpgrade.swift in Sources */,
				903E62701E53652E00250F3E /* TouchBarUpgrade.swift in Sources */,
			);
			runOnlyForDeploymentPostprocessing = 0;
		};
/* End PBXSourcesBuildPhase section */

/* Begin XCBuildConfiguration section */
		903E625C1E5364AC00250F3E /* Debug */ = {
			isa = XCBuildConfiguration;
			buildSettings = {
				ALWAYS_SEARCH_USER_PATHS = NO;
				CLANG_ANALYZER_NONNULL = YES;
				CLANG_CXX_LANGUAGE_STANDARD = "gnu++0x";
				CLANG_CXX_LIBRARY = "libc++";
				CLANG_ENABLE_MODULES = YES;
				CLANG_ENABLE_OBJC_ARC = YES;
				CLANG_WARN_BOOL_CONVERSION = YES;
				CLANG_WARN_CONSTANT_CONVERSION = YES;
				CLANG_WARN_DIRECT_OBJC_ISA_USAGE = YES_ERROR;
				CLANG_WARN_DOCUMENTATION_COMMENTS = YES;
				CLANG_WARN_EMPTY_BODY = YES;
				CLANG_WARN_ENUM_CONVERSION = YES;
				CLANG_WARN_INFINITE_RECURSION = YES;
				CLANG_WARN_INT_CONVERSION = YES;
				CLANG_WARN_OBJC_ROOT_CLASS = YES_ERROR;
				CLANG_WARN_SUSPICIOUS_MOVE = YES;
				CLANG_WARN_UNREACHABLE_CODE = YES;
				CLANG_WARN__DUPLICATE_METHOD_MATCH = YES;
				CODE_SIGN_IDENTITY = "-";
				COPY_PHASE_STRIP = NO;
				DEBUG_INFORMATION_FORMAT = dwarf;
				ENABLE_STRICT_OBJC_MSGSEND = YES;
				ENABLE_TESTABILITY = YES;
				GCC_C_LANGUAGE_STANDARD = gnu99;
				GCC_DYNAMIC_NO_PIC = NO;
				GCC_NO_COMMON_BLOCKS = YES;
				GCC_OPTIMIZATION_LEVEL = 0;
				GCC_PREPROCESSOR_DEFINITIONS = (
					"DEBUG=1",
					"$(inherited)",
				);
				GCC_WARN_64_TO_32_BIT_CONVERSION = YES;
				GCC_WARN_ABOUT_RETURN_TYPE = YES_ERROR;
				GCC_WARN_UNDECLARED_SELECTOR = YES;
				GCC_WARN_UNINITIALIZED_AUTOS = YES_AGGRESSIVE;
				GCC_WARN_UNUSED_FUNCTION = YES;
				GCC_WARN_UNUSED_VARIABLE = YES;
				MACOSX_DEPLOYMENT_TARGET = 10.12;
				MTL_ENABLE_DEBUG_INFO = YES;
				ONLY_ACTIVE_ARCH = YES;
				SDKROOT = macosx;
				SWIFT_OPTIMIZATION_LEVEL = "-Onone";
			};
			name = Debug;
		};
		903E625D1E5364AC00250F3E /* Release */ = {
			isa = XCBuildConfiguration;
			buildSettings = {
				ALWAYS_SEARCH_USER_PATHS = NO;
				CLANG_ANALYZER_NONNULL = YES;
				CLANG_CXX_LANGUAGE_STANDARD = "gnu++0x";
				CLANG_CXX_LIBRARY = "libc++";
				CLANG_ENABLE_MODULES = YES;
				CLANG_ENABLE_OBJC_ARC = YES;
				CLANG_WARN_BOOL_CONVERSION = YES;
				CLANG_WARN_CONSTANT_CONVERSION = YES;
				CLANG_WARN_DIRECT_OBJC_ISA_USAGE = YES_ERROR;
				CLANG_WARN_DOCUMENTATION_COMMENTS = YES;
				CLANG_WARN_EMPTY_BODY = YES;
				CLANG_WARN_ENUM_CONVERSION = YES;
				CLANG_WARN_INFINITE_RECURSION = YES;
				CLANG_WARN_INT_CONVERSION = YES;
				CLANG_WARN_OBJC_ROOT_CLASS = YES_ERROR;
				CLANG_WARN_SUSPICIOUS_MOVE = YES;
				CLANG_WARN_UNREACHABLE_CODE = YES;
				CLANG_WARN__DUPLICATE_METHOD_MATCH = YES;
				CODE_SIGN_IDENTITY = "-";
				COPY_PHASE_STRIP = NO;
				DEBUG_INFORMATION_FORMAT = "dwarf-with-dsym";
				ENABLE_NS_ASSERTIONS = NO;
				ENABLE_STRICT_OBJC_MSGSEND = YES;
				GCC_C_LANGUAGE_STANDARD = gnu99;
				GCC_NO_COMMON_BLOCKS = YES;
				GCC_WARN_64_TO_32_BIT_CONVERSION = YES;
				GCC_WARN_ABOUT_RETURN_TYPE = YES_ERROR;
				GCC_WARN_UNDECLARED_SELECTOR = YES;
				GCC_WARN_UNINITIALIZED_AUTOS = YES_AGGRESSIVE;
				GCC_WARN_UNUSED_FUNCTION = YES;
				GCC_WARN_UNUSED_VARIABLE = YES;
				MACOSX_DEPLOYMENT_TARGET = 10.12;
				MTL_ENABLE_DEBUG_INFO = NO;
				SDKROOT = macosx;
			};
			name = Release;
		};
		903E625F1E5364AC00250F3E /* Debug */ = {
			isa = XCBuildConfiguration;
			buildSettings = {
				DEVELOPMENT_TEAM = CAJ5Q4AE6G;
				PRODUCT_NAME = "$(TARGET_NAME)";
				SWIFT_VERSION = 3.0;
			};
			name = Debug;
		};
		903E62601E5364AC00250F3E /* Release */ = {
			isa = XCBuildConfiguration;
			buildSettings = {
				DEVELOPMENT_TEAM = CAJ5Q4AE6G;
				PRODUCT_NAME = "$(TARGET_NAME)";
				SWIFT_VERSION = 3.0;
			};
			name = Release;
		};
/* End XCBuildConfiguration section */

/* Begin XCConfigurationList section */
		903E62521E5364AC00250F3E /* Build configuration list for PBXProject "DecoratorPatternDemo" */ = {
			isa = XCConfigurationList;
			buildConfigurations = (
				903E625C1E5364AC00250F3E /* Debug */,
				903E625D1E5364AC00250F3E /* Release */,
			);
			defaultConfigurationIsVisible = 0;
			defaultConfigurationName = Release;
		};
		903E625E1E5364AC00250F3E /* Build configuration list for PBXNativeTarget "DecoratorPatternDemo" */ = {
			isa = XCConfigurationList;
			buildConfigurations = (
				903E625F1E5364AC00250F3E /* Debug */,
				903E62601E5364AC00250F3E /* Release */,
			);
			defaultConfigurationIsVisible = 0;
		};
/* End XCConfigurationList section */
	};
	rootObject = 903E624F1E5364AC00250F3E /* Project object */;
}
